{
  "version": 4,
  "terraform_version": "1.10.5",
  "serial": 11,
  "lineage": "714b835e-6ffa-18fe-1ffa-86b267da19e1",
  "outputs": {},
  "resources": [
    {
      "mode": "managed",
      "type": "digitalocean_droplet",
      "name": "web",
      "provider": "provider[\"registry.terraform.io/digitalocean/digitalocean\"]",
      "instances": [
        {
          "schema_version": 1,
          "attributes": {
            "backup_policy": [],
            "backups": false,
            "created_at": "2025-01-27T14:10:31Z",
            "disk": 120,
            "droplet_agent": null,
            "graceful_shutdown": false,
            "id": "472627065",
            "image": "ubuntu-24-04-x64",
            "ipv4_address": "167.99.155.90",
            "ipv4_address_private": "10.116.0.2",
            "ipv6": false,
            "ipv6_address": "",
            "locked": false,
            "memory": 4096,
            "monitoring": false,
            "name": "terraform-2efa4bc6",
            "price_hourly": 0.04762,
            "price_monthly": 32,
            "private_networking": true,
            "region": "nyc1",
            "resize_disk": true,
            "size": "s-2vcpu-4gb-120gb-intel",
            "ssh_keys": [
              "6e:ee:b6:9c:b5:d3:3c:74:01:91:e9:63:74:e1:4f:e5"
            ],
            "status": "active",
            "tags": null,
            "timeouts": null,
            "urn": "do:droplet:472627065",
            "user_data": null,
            "vcpus": 2,
            "volume_ids": [],
            "vpc_uuid": "c7a98b4c-3d70-401b-8ca8-1b50a567bb3d"
          },
          "sensitive_attributes": [],
          "private": "eyJlMmJmYjczMC1lY2FhLTExZTYtOGY4OC0zNDM2M2JjN2M0YzAiOnsiY3JlYXRlIjozNjAwMDAwMDAwMDAwLCJkZWxldGUiOjYwMDAwMDAwMDAwLCJ1cGRhdGUiOjM2MDAwMDAwMDAwMDB9LCJzY2hlbWFfdmVyc2lvbiI6IjEifQ==",
          "dependencies": [
            "digitalocean_ssh_key.terraform-ssh-key",
            "random_id.server"
          ]
        }
      ]
    },
    {
      "mode": "managed",
      "type": "digitalocean_firewall",
      "name": "web",
      "provider": "provider[\"registry.terraform.io/digitalocean/digitalocean\"]",
      "instances": [
        {
          "schema_version": 0,
          "attributes": {
            "created_at": "2025-01-27T10:57:47Z",
            "droplet_ids": [
              472627065
            ],
            "id": "b9f24509-9fa2-4b87-b52d-af1d54d14e11",
            "inbound_rule": [
              {
                "port_range": "",
                "protocol": "icmp",
                "source_addresses": [
                  "0.0.0.0/0",
                  "::/0"
                ],
                "source_droplet_ids": [],
                "source_kubernetes_ids": [],
                "source_load_balancer_uids": [],
                "source_tags": []
              },
              {
                "port_range": "22",
                "protocol": "tcp",
                "source_addresses": [
                  "0.0.0.0/0",
                  "::/0"
                ],
                "source_droplet_ids": [],
                "source_kubernetes_ids": [],
                "source_load_balancer_uids": [],
                "source_tags": []
              },
              {
                "port_range": "443",
                "protocol": "tcp",
                "source_addresses": [
                  "0.0.0.0/0",
                  "::/0"
                ],
                "source_droplet_ids": [],
                "source_kubernetes_ids": [],
                "source_load_balancer_uids": [],
                "source_tags": []
              },
              {
                "port_range": "80",
                "protocol": "tcp",
                "source_addresses": [
                  "0.0.0.0/0",
                  "::/0"
                ],
                "source_droplet_ids": [],
                "source_kubernetes_ids": [],
                "source_load_balancer_uids": [],
                "source_tags": []
              },
              {
                "port_range": "8080",
                "protocol": "tcp",
                "source_addresses": [
                  "0.0.0.0/0",
                  "::/0"
                ],
                "source_droplet_ids": [],
                "source_kubernetes_ids": [],
                "source_load_balancer_uids": [],
                "source_tags": []
              }
            ],
            "name": "only-22-80-and-443",
            "outbound_rule": [
              {
                "destination_addresses": [
                  "0.0.0.0/0",
                  "::/0"
                ],
                "destination_droplet_ids": [],
                "destination_kubernetes_ids": [],
                "destination_load_balancer_uids": [],
                "destination_tags": [],
                "port_range": "",
                "protocol": "icmp"
              },
              {
                "destination_addresses": [
                  "0.0.0.0/0",
                  "::/0"
                ],
                "destination_droplet_ids": [],
                "destination_kubernetes_ids": [],
                "destination_load_balancer_uids": [],
                "destination_tags": [],
                "port_range": "53",
                "protocol": "tcp"
              },
              {
                "destination_addresses": [
                  "0.0.0.0/0",
                  "::/0"
                ],
                "destination_droplet_ids": [],
                "destination_kubernetes_ids": [],
                "destination_load_balancer_uids": [],
                "destination_tags": [],
                "port_range": "53",
                "protocol": "udp"
              }
            ],
            "pending_changes": [],
            "status": "succeeded",
            "tags": []
          },
          "sensitive_attributes": [],
          "private": "bnVsbA==",
          "dependencies": [
            "digitalocean_droplet.web",
            "digitalocean_ssh_key.terraform-ssh-key",
            "random_id.server"
          ]
        }
      ]
    },
    {
      "mode": "managed",
      "type": "digitalocean_ssh_key",
      "name": "terraform-ssh-key",
      "provider": "provider[\"registry.terraform.io/digitalocean/digitalocean\"]",
      "instances": [
        {
          "schema_version": 0,
          "attributes": {
            "fingerprint": "6e:ee:b6:9c:b5:d3:3c:74:01:91:e9:63:74:e1:4f:e5",
            "id": "45125130",
            "name": "terra-key",
            "public_key": "ssh-rsa AAAAB3NzaC1yc2EAAAADAQABAAABgQCnDmH9+PRuk0xqorR2/ChHa4qnx/RSsDMqmQBexOHfpHdtJLz65UHa8eWSmImEW60dICU2+Wl2W49OVvceXvqtxvXqpQ4/s5cz6z3FJz0wsXIwDMy1BbuTv9UI0/vaTqugHSmsAitdIuFXyg0JuVP24CvyepW/J9idyrZZXEFcaQjfsgNECGMmkNfhuSlwLo15tMXqCrfAWa+q8vVZcG18WQYmkePViVy0F9nboNQzEgWCBnplKRIsXmR7WHv9rbCvLZME7As7BQvb68DBa6EkbApRgI4+o5KZN+65hpJh7Xp+fz0tc+mXYqDu8igSaP/6eGw2NqzGM/BI0OTRSrk77Jxugw0+q4bwdHiXEXOdYDDD2GwCAo84qvju3LYac2vGZYhHl+lbtWgrGQxXcNiOWzmC+bwIqiu9nuvM8d5BnLcDyNOtGT3zFT360cIoJdutzrepgY/jryabcT54n38Nqx3cgVHuxydwp0m+QKn/9XF5gvJdYixi5V2v1VvoVMs= 4096\n",
            "timeouts": null
          },
          "sensitive_attributes": [],
          "private": "eyJlMmJmYjczMC1lY2FhLTExZTYtOGY4OC0zNDM2M2JjN2M0YzAiOnsiY3JlYXRlIjoxMjAwMDAwMDAwMDB9fQ=="
        }
      ]
    },
    {
      "mode": "managed",
      "type": "random_id",
      "name": "server",
      "provider": "provider[\"registry.terraform.io/hashicorp/random\"]",
      "instances": [
        {
          "schema_version": 0,
          "attributes": {
            "b64_std": "LvpLxg==",
            "b64_url": "LvpLxg",
            "byte_length": 4,
            "dec": "788155334",
            "hex": "2efa4bc6",
            "id": "LvpLxg",
            "keepers": null,
            "prefix": null
          },
          "sensitive_attributes": []
        }
      ]
    }
  ],
  "check_results": null
}
